
Microsoft Visual Studio Solution File, Format Version 11.00
# Visual Studio 2010
Project("{FAE04EC0-301F-11D3-BF4B-00C04F79EFBC}") = "RailwaysDBApp", "RailwaysDBApp\RailwaysDBApp.csproj", "{2EA89BAF-EE75-421D-9EE7-32C702FCE090}"
EndProject
Global
	GlobalSection(SolutionConfigurationPlatforms) = preSolution
		Debug|x86 = Debug|x86
		Release|x86 = Release|x86
	EndGlobalSection
	GlobalSection(ProjectConfigurationPlatforms) = postSolution
		{2EA89BAF-EE75-421D-9EE7-32C702FCE090}.Debug|x86.ActiveCfg = Debug|x86
		{2EA89BAF-EE75-421D-9EE7-32C702FCE090}.Debug|x86.Build.0 = Debug|x86
		{2EA89BAF-EE75-421D-9EE7-32C702FCE090}.Release|x86.ActiveCfg = Release|x86
		{2EA89BAF-EE75-421D-9EE7-32C702FCE090}.Release|x86.Build.0 = Release|x86
	EndGlobalSection
	GlobalSection(SolutionProperties) = preSolution
		HideSolutionNode = FALSE
	EndGlobalSection
EndGlobal
